
Microsoft Visual Studio Solution File, Format Version 12.00
# Visual Studio 14
VisualStudioVersion = 14.0.25420.1
MinimumVisualStudioVersion = 10.0.40219.1
Project("{FAE04EC0-301F-11D3-BF4B-00C04F79EFBC}") = "Problem_1", "Problem_1\Problem_1.csproj", "{E0547AD7-92E6-494F-B94A-48814992418A}"
EndProject
Project("{FAE04EC0-301F-11D3-BF4B-00C04F79EFBC}") = "Problem_2", "Problem_2\Problem_2.csproj", "{DD26D2CA-7B99-468E-B613-4ED97A0D46B9}"
EndProject
Project("{FAE04EC0-301F-11D3-BF4B-00C04F79EFBC}") = "Problem_3", "Problem_3\Problem_3.csproj", "{6878FC8D-3098-4082-BD60-C32993D933D4}"
EndProject
Project("{FAE04EC0-301F-11D3-BF4B-00C04F79EFBC}") = "Problem_4", "Problem_4\Problem_4.csproj", "{7987EB01-F71D-45A7-83B6-A822A86C7E70}"
EndProject
Project("{FAE04EC0-301F-11D3-BF4B-00C04F79EFBC}") = "Problem_5", "Problem_5\Problem_5.csproj", "{26FD236B-DCFA-4455-AE93-C63B818A9955}"
EndProject
Project("{FAE04EC0-301F-11D3-BF4B-00C04F79EFBC}") = "Problem_6", "Problem_6\Problem_6.csproj", "{B5AD2A94-6D65-40EA-9985-C361283F6240}"
EndProject
Project("{FAE04EC0-301F-11D3-BF4B-00C04F79EFBC}") = "Problem_7", "Problem_7\Problem_7.csproj", "{BC36AD39-8808-4219-867B-D177C47FCE72}"
EndProject
Project("{FAE04EC0-301F-11D3-BF4B-00C04F79EFBC}") = "Common", "Common\Common.csproj", "{54B38F04-504E-488C-B7C0-94CA40D74DC4}"
EndProject
Project("{2150E333-8FDC-42A3-9474-1A3956D46DE8}") = "Problems1-10", "Problems1-10", "{7C889D7D-8454-4C2A-84E4-92B8AD54BC20}"
EndProject
Project("{FAE04EC0-301F-11D3-BF4B-00C04F79EFBC}") = "Problem_8", "Problem_8\Problem_8.csproj", "{512F1030-B2CC-4158-A490-B6ECCF11D4AB}"
EndProject
Project("{FAE04EC0-301F-11D3-BF4B-00C04F79EFBC}") = "Problem_10", "Problem_10\Problem_10.csproj", "{2A7AE4B7-EE2B-44C9-BDE6-16566E30EDD2}"
EndProject
Project("{2150E333-8FDC-42A3-9474-1A3956D46DE8}") = "Problems11-20", "Problems11-20", "{E2DA361C-54D5-4137-8D7E-100626B14416}"
EndProject
Project("{FAE04EC0-301F-11D3-BF4B-00C04F79EFBC}") = "Problem_11", "Problem_11\Problem_11.csproj", "{664B88FF-12F5-4C4F-8FC8-29C35BA9AE62}"
EndProject
Project("{FAE04EC0-301F-11D3-BF4B-00C04F79EFBC}") = "Problem_9", "Problem_9\Problem_9.csproj", "{13086C2A-E9DD-4338-8502-ED0856E0F968}"
EndProject
Project("{FAE04EC0-301F-11D3-BF4B-00C04F79EFBC}") = "Problem_14", "Problem_14\Problem_14.csproj", "{601BF09B-F4C4-421C-8621-4E17F9A25FC1}"
EndProject
Global
	GlobalSection(SolutionConfigurationPlatforms) = preSolution
		Debug|Any CPU = Debug|Any CPU
		Release|Any CPU = Release|Any CPU
	EndGlobalSection
	GlobalSection(ProjectConfigurationPlatforms) = postSolution
		{E0547AD7-92E6-494F-B94A-48814992418A}.Debug|Any CPU.ActiveCfg = Debug|Any CPU
		{E0547AD7-92E6-494F-B94A-48814992418A}.Debug|Any CPU.Build.0 = Debug|Any CPU
		{E0547AD7-92E6-494F-B94A-48814992418A}.Release|Any CPU.ActiveCfg = Release|Any CPU
		{E0547AD7-92E6-494F-B94A-48814992418A}.Release|Any CPU.Build.0 = Release|Any CPU
		{DD26D2CA-7B99-468E-B613-4ED97A0D46B9}.Debug|Any CPU.ActiveCfg = Debug|Any CPU
		{DD26D2CA-7B99-468E-B613-4ED97A0D46B9}.Debug|Any CPU.Build.0 = Debug|Any CPU
		{DD26D2CA-7B99-468E-B613-4ED97A0D46B9}.Release|Any CPU.ActiveCfg = Release|Any CPU
		{DD26D2CA-7B99-468E-B613-4ED97A0D46B9}.Release|Any CPU.Build.0 = Release|Any CPU
		{6878FC8D-3098-4082-BD60-C32993D933D4}.Debug|Any CPU.ActiveCfg = Debug|Any CPU
		{6878FC8D-3098-4082-BD60-C32993D933D4}.Debug|Any CPU.Build.0 = Debug|Any CPU
		{6878FC8D-3098-4082-BD60-C32993D933D4}.Release|Any CPU.ActiveCfg = Release|Any CPU
		{6878FC8D-3098-4082-BD60-C32993D933D4}.Release|Any CPU.Build.0 = Release|Any CPU
		{7987EB01-F71D-45A7-83B6-A822A86C7E70}.Debug|Any CPU.ActiveCfg = Debug|Any CPU
		{7987EB01-F71D-45A7-83B6-A822A86C7E70}.Debug|Any CPU.Build.0 = Debug|Any CPU
		{7987EB01-F71D-45A7-83B6-A822A86C7E70}.Release|Any CPU.ActiveCfg = Release|Any CPU
		{7987EB01-F71D-45A7-83B6-A822A86C7E70}.Release|Any CPU.Build.0 = Release|Any CPU
		{26FD236B-DCFA-4455-AE93-C63B818A9955}.Debug|Any CPU.ActiveCfg = Debug|Any CPU
		{26FD236B-DCFA-4455-AE93-C63B818A9955}.Debug|Any CPU.Build.0 = Debug|Any CPU
		{26FD236B-DCFA-4455-AE93-C63B818A9955}.Release|Any CPU.ActiveCfg = Release|Any CPU
		{26FD236B-DCFA-4455-AE93-C63B818A9955}.Release|Any CPU.Build.0 = Release|Any CPU
		{B5AD2A94-6D65-40EA-9985-C361283F6240}.Debug|Any CPU.ActiveCfg = Debug|Any CPU
		{B5AD2A94-6D65-40EA-9985-C361283F6240}.Debug|Any CPU.Build.0 = Debug|Any CPU
		{B5AD2A94-6D65-40EA-9985-C361283F6240}.Release|Any CPU.ActiveCfg = Release|Any CPU
		{B5AD2A94-6D65-40EA-9985-C361283F6240}.Release|Any CPU.Build.0 = Release|Any CPU
		{BC36AD39-8808-4219-867B-D177C47FCE72}.Debug|Any CPU.ActiveCfg = Debug|Any CPU
		{BC36AD39-8808-4219-867B-D177C47FCE72}.Debug|Any CPU.Build.0 = Debug|Any CPU
		{BC36AD39-8808-4219-867B-D177C47FCE72}.Release|Any CPU.ActiveCfg = Release|Any CPU
		{BC36AD39-8808-4219-867B-D177C47FCE72}.Release|Any CPU.Build.0 = Release|Any CPU
		{54B38F04-504E-488C-B7C0-94CA40D74DC4}.Debug|Any CPU.ActiveCfg = Debug|Any CPU
		{54B38F04-504E-488C-B7C0-94CA40D74DC4}.Debug|Any CPU.Build.0 = Debug|Any CPU
		{54B38F04-504E-488C-B7C0-94CA40D74DC4}.Release|Any CPU.ActiveCfg = Release|Any CPU
		{54B38F04-504E-488C-B7C0-94CA40D74DC4}.Release|Any CPU.Build.0 = Release|Any CPU
		{512F1030-B2CC-4158-A490-B6ECCF11D4AB}.Debug|Any CPU.ActiveCfg = Debug|Any CPU
		{512F1030-B2CC-4158-A490-B6ECCF11D4AB}.Debug|Any CPU.Build.0 = Debug|Any CPU
		{512F1030-B2CC-4158-A490-B6ECCF11D4AB}.Release|Any CPU.ActiveCfg = Release|Any CPU
		{512F1030-B2CC-4158-A490-B6ECCF11D4AB}.Release|Any CPU.Build.0 = Release|Any CPU
		{2A7AE4B7-EE2B-44C9-BDE6-16566E30EDD2}.Debug|Any CPU.ActiveCfg = Debug|Any CPU
		{2A7AE4B7-EE2B-44C9-BDE6-16566E30EDD2}.Debug|Any CPU.Build.0 = Debug|Any CPU
		{2A7AE4B7-EE2B-44C9-BDE6-16566E30EDD2}.Release|Any CPU.ActiveCfg = Release|Any CPU
		{2A7AE4B7-EE2B-44C9-BDE6-16566E30EDD2}.Release|Any CPU.Build.0 = Release|Any CPU
		{664B88FF-12F5-4C4F-8FC8-29C35BA9AE62}.Debug|Any CPU.ActiveCfg = Debug|Any CPU
		{664B88FF-12F5-4C4F-8FC8-29C35BA9AE62}.Debug|Any CPU.Build.0 = Debug|Any CPU
		{664B88FF-12F5-4C4F-8FC8-29C35BA9AE62}.Release|Any CPU.ActiveCfg = Release|Any CPU
		{664B88FF-12F5-4C4F-8FC8-29C35BA9AE62}.Release|Any CPU.Build.0 = Release|Any CPU
		{13086C2A-E9DD-4338-8502-ED0856E0F968}.Debug|Any CPU.ActiveCfg = Debug|Any CPU
		{13086C2A-E9DD-4338-8502-ED0856E0F968}.Debug|Any CPU.Build.0 = Debug|Any CPU
		{13086C2A-E9DD-4338-8502-ED0856E0F968}.Release|Any CPU.ActiveCfg = Release|Any CPU
		{13086C2A-E9DD-4338-8502-ED0856E0F968}.Release|Any CPU.Build.0 = Release|Any CPU
		{601BF09B-F4C4-421C-8621-4E17F9A25FC1}.Debug|Any CPU.ActiveCfg = Debug|Any CPU
		{601BF09B-F4C4-421C-8621-4E17F9A25FC1}.Debug|Any CPU.Build.0 = Debug|Any CPU
		{601BF09B-F4C4-421C-8621-4E17F9A25FC1}.Release|Any CPU.ActiveCfg = Release|Any CPU
		{601BF09B-F4C4-421C-8621-4E17F9A25FC1}.Release|Any CPU.Build.0 = Release|Any CPU
	EndGlobalSection
	GlobalSection(SolutionProperties) = preSolution
		HideSolutionNode = FALSE
	EndGlobalSection
	GlobalSection(NestedProjects) = preSolution
		{E0547AD7-92E6-494F-B94A-48814992418A} = {7C889D7D-8454-4C2A-84E4-92B8AD54BC20}
		{DD26D2CA-7B99-468E-B613-4ED97A0D46B9} = {7C889D7D-8454-4C2A-84E4-92B8AD54BC20}
		{6878FC8D-3098-4082-BD60-C32993D933D4} = {7C889D7D-8454-4C2A-84E4-92B8AD54BC20}
		{7987EB01-F71D-45A7-83B6-A822A86C7E70} = {7C889D7D-8454-4C2A-84E4-92B8AD54BC20}
		{26FD236B-DCFA-4455-AE93-C63B818A9955} = {7C889D7D-8454-4C2A-84E4-92B8AD54BC20}
		{B5AD2A94-6D65-40EA-9985-C361283F6240} = {7C889D7D-8454-4C2A-84E4-92B8AD54BC20}
		{BC36AD39-8808-4219-867B-D177C47FCE72} = {7C889D7D-8454-4C2A-84E4-92B8AD54BC20}
		{512F1030-B2CC-4158-A490-B6ECCF11D4AB} = {7C889D7D-8454-4C2A-84E4-92B8AD54BC20}
		{2A7AE4B7-EE2B-44C9-BDE6-16566E30EDD2} = {7C889D7D-8454-4C2A-84E4-92B8AD54BC20}
		{664B88FF-12F5-4C4F-8FC8-29C35BA9AE62} = {E2DA361C-54D5-4137-8D7E-100626B14416}
		{13086C2A-E9DD-4338-8502-ED0856E0F968} = {7C889D7D-8454-4C2A-84E4-92B8AD54BC20}
		{601BF09B-F4C4-421C-8621-4E17F9A25FC1} = {E2DA361C-54D5-4137-8D7E-100626B14416}
	EndGlobalSection
EndGlobal
